{
  "name": "@dalkak/sample",
  "version": "0.0.0",
  "lockfileVersion": 1,
  "requires": true,
  "dependencies": {
    "dalkak": {
      "version": "0.6.1",
      "resolved": "https://registry.npmjs.org/dalkak/-/dalkak-0.6.1.tgz",
      "integrity": "sha512-1KIJYjSvE1KM++J8O+f4aVuH02bUxkP8/ATNI2Gk/PnAnckTbZcL86b250GxHm3/XJVmkcWpuGzVtS0gQF8t9Q=="
    },
    "typescript": {
      "version": "3.7.4",
      "resolved": "https://registry.npmjs.org/typescript/-/typescript-3.7.4.tgz",
      "integrity": "sha512-A25xv5XCtarLwXpcDNZzCGvW2D1S3/bACratYBx2sax8PefsFhlYmkQicKHvpYflFS8if4zne5zT5kpJ7pzuvw==",
      "dev": true
    }
  }
}
