{
  "name": "@dalkak/sample",
  "version": "0.0.0",
  "lockfileVersion": 1,
  "requires": true,
  "dependencies": {
    "dalkak": {
      "version": "0.5.2",
      "resolved": "https://registry.npmjs.org/dalkak/-/dalkak-0.5.2.tgz",
      "integrity": "sha512-WVYOwlWGdzFmmAPsrGmc4A1AoxVH3fvfw6n8R16zqro5Ace6Am0hQc5S/Nur3Q+ULTjVQuv69ZQ8O0uWTTuCyQ=="
    },
    "typescript": {
      "version": "3.7.4",
      "resolved": "https://registry.npmjs.org/typescript/-/typescript-3.7.4.tgz",
      "integrity": "sha512-A25xv5XCtarLwXpcDNZzCGvW2D1S3/bACratYBx2sax8PefsFhlYmkQicKHvpYflFS8if4zne5zT5kpJ7pzuvw==",
      "dev": true
    }
  }
}
